// !$*UTF8*$!
{
	archiveVersion = 1;
	classes = {
	};
	objectVersion = 56;
	objects = {

/* Begin PBXBuildFile section */
		3F7744772ADEB65900E4CAA3 /* MemoGameApp.swift in Sources */ = {isa = PBXBuildFile; fileRef = 3F7744762ADEB65900E4CAA3 /* MemoGameApp.swift */; };
		3F7744792ADEB65900E4CAA3 /* ContentView.swift in Sources */ = {isa = PBXBuildFile; fileRef = 3F7744782ADEB65900E4CAA3 /* ContentView.swift */; };
		3F77447B2ADEB65900E4CAA3 /* Assets.xcassets in Resources */ = {isa = PBXBuildFile; fileRef = 3F77447A2ADEB65900E4CAA3 /* Assets.xcassets */; };
		3F77447E2ADEB65900E4CAA3 /* Preview Assets.xcassets in Resources */ = {isa = PBXBuildFile; fileRef = 3F77447D2ADEB65900E4CAA3 /* Preview Assets.xcassets */; };
		3F7744882ADEB65A00E4CAA3 /* MemoGameTests.swift in Sources */ = {isa = PBXBuildFile; fileRef = 3F7744872ADEB65A00E4CAA3 /* MemoGameTests.swift */; };
		3F7744922ADEB65A00E4CAA3 /* MemoGameUITests.swift in Sources */ = {isa = PBXBuildFile; fileRef = 3F7744912ADEB65A00E4CAA3 /* MemoGameUITests.swift */; };
		3F7744942ADEB65A00E4CAA3 /* MemoGameUITestsLaunchTests.swift in Sources */ = {isa = PBXBuildFile; fileRef = 3F7744932ADEB65A00E4CAA3 /* MemoGameUITestsLaunchTests.swift */; };
		3F7744A12ADEB71B00E4CAA3 /* CardView.swift in Sources */ = {isa = PBXBuildFile; fileRef = 3F7744A02ADEB71B00E4CAA3 /* CardView.swift */; };
		595171EB2AF6170200154EA5 /* MyMemoGame.swift in Sources */ = {isa = PBXBuildFile; fileRef = 595171EA2AF6170200154EA5 /* MyMemoGame.swift */; };
		595171ED2AF6173600154EA5 /* MemoGame.swift in Sources */ = {isa = PBXBuildFile; fileRef = 595171EC2AF6173600154EA5 /* MemoGame.swift */; };
		5955B7802B1C8C3300433229 /* CirclePart.swift in Sources */ = {isa = PBXBuildFile; fileRef = 5955B77F2B1C8C3300433229 /* CirclePart.swift */; };
		595F8BF62AFD6D4C0051AA34 /* ThemeButton.swift in Sources */ = {isa = PBXBuildFile; fileRef = 595F8BF52AFD6D4C0051AA34 /* ThemeButton.swift */; };
		59B3EBC92AFBEF300040BB58 /* Theme.swift in Sources */ = {isa = PBXBuildFile; fileRef = 59B3EBC82AFBEF300040BB58 /* Theme.swift */; };
		59BEDF6F2B2731C600D6241B /* Cardify.swift in Sources */ = {isa = PBXBuildFile; fileRef = 59BEDF6E2B2731C600D6241B /* Cardify.swift */; };
		59BEDF712B2734EF00D6241B /* FlyingNumber.swift in Sources */ = {isa = PBXBuildFile; fileRef = 59BEDF702B2734EF00D6241B /* FlyingNumber.swift */; };
/* End PBXBuildFile section */

/* Begin PBXContainerItemProxy section */
		3F7744842ADEB65A00E4CAA3 /* PBXContainerItemProxy */ = {
			isa = PBXContainerItemProxy;
			containerPortal = 3F77446B2ADEB65900E4CAA3 /* Project object */;
			proxyType = 1;
			remoteGlobalIDString = 3F7744722ADEB65900E4CAA3;
			remoteInfo = MemoGame;
		};
		3F77448E2ADEB65A00E4CAA3 /* PBXContainerItemProxy */ = {
			isa = PBXContainerItemProxy;
			containerPortal = 3F77446B2ADEB65900E4CAA3 /* Project object */;
			proxyType = 1;
			remoteGlobalIDString = 3F7744722ADEB65900E4CAA3;
			remoteInfo = MemoGame;
		};
/* End PBXContainerItemProxy section */

/* Begin PBXFileReference section */
		3F7744732ADEB65900E4CAA3 /* MemoGame.app */ = {isa = PBXFileReference; explicitFileType = wrapper.application; includeInIndex = 0; path = MemoGame.app; sourceTree = BUILT_PRODUCTS_DIR; };
		3F7744762ADEB65900E4CAA3 /* MemoGameApp.swift */ = {isa = PBXFileReference; lastKnownFileType = sourcecode.swift; path = MemoGameApp.swift; sourceTree = "<group>"; };
		3F7744782ADEB65900E4CAA3 /* ContentView.swift */ = {isa = PBXFileReference; lastKnownFileType = sourcecode.swift; path = ContentView.swift; sourceTree = "<group>"; };
		3F77447A2ADEB65900E4CAA3 /* Assets.xcassets */ = {isa = PBXFileReference; lastKnownFileType = folder.assetcatalog; path = Assets.xcassets; sourceTree = "<group>"; };
		3F77447D2ADEB65900E4CAA3 /* Preview Assets.xcassets */ = {isa = PBXFileReference; lastKnownFileType = folder.assetcatalog; path = "Preview Assets.xcassets"; sourceTree = "<group>"; };
		3F7744832ADEB65A00E4CAA3 /* MemoGameTests.xctest */ = {isa = PBXFileReference; explicitFileType = wrapper.cfbundle; includeInIndex = 0; path = MemoGameTests.xctest; sourceTree = BUILT_PRODUCTS_DIR; };
		3F7744872ADEB65A00E4CAA3 /* MemoGameTests.swift */ = {isa = PBXFileReference; lastKnownFileType = sourcecode.swift; path = MemoGameTests.swift; sourceTree = "<group>"; };
		3F77448D2ADEB65A00E4CAA3 /* MemoGameUITests.xctest */ = {isa = PBXFileReference; explicitFileType = wrapper.cfbundle; includeInIndex = 0; path = MemoGameUITests.xctest; sourceTree = BUILT_PRODUCTS_DIR; };
		3F7744912ADEB65A00E4CAA3 /* MemoGameUITests.swift */ = {isa = PBXFileReference; lastKnownFileType = sourcecode.swift; path = MemoGameUITests.swift; sourceTree = "<group>"; };
		3F7744932ADEB65A00E4CAA3 /* MemoGameUITestsLaunchTests.swift */ = {isa = PBXFileReference; lastKnownFileType = sourcecode.swift; path = MemoGameUITestsLaunchTests.swift; sourceTree = "<group>"; };
		3F7744A02ADEB71B00E4CAA3 /* CardView.swift */ = {isa = PBXFileReference; lastKnownFileType = sourcecode.swift; path = CardView.swift; sourceTree = "<group>"; };
		595171EA2AF6170200154EA5 /* MyMemoGame.swift */ = {isa = PBXFileReference; lastKnownFileType = sourcecode.swift; path = MyMemoGame.swift; sourceTree = "<group>"; };
		595171EC2AF6173600154EA5 /* MemoGame.swift */ = {isa = PBXFileReference; lastKnownFileType = sourcecode.swift; path = MemoGame.swift; sourceTree = "<group>"; };
		5955B77F2B1C8C3300433229 /* CirclePart.swift */ = {isa = PBXFileReference; lastKnownFileType = sourcecode.swift; path = CirclePart.swift; sourceTree = "<group>"; };
		595F8BF52AFD6D4C0051AA34 /* ThemeButton.swift */ = {isa = PBXFileReference; lastKnownFileType = sourcecode.swift; path = ThemeButton.swift; sourceTree = "<group>"; };
		59B3EBC82AFBEF300040BB58 /* Theme.swift */ = {isa = PBXFileReference; lastKnownFileType = sourcecode.swift; path = Theme.swift; sourceTree = "<group>"; };
		59BEDF6E2B2731C600D6241B /* Cardify.swift */ = {isa = PBXFileReference; lastKnownFileType = sourcecode.swift; path = Cardify.swift; sourceTree = "<group>"; };
		59BEDF702B2734EF00D6241B /* FlyingNumber.swift */ = {isa = PBXFileReference; lastKnownFileType = sourcecode.swift; path = FlyingNumber.swift; sourceTree = "<group>"; };
/* End PBXFileReference section */

/* Begin PBXFrameworksBuildPhase section */
		3F7744702ADEB65900E4CAA3 /* Frameworks */ = {
			isa = PBXFrameworksBuildPhase;
			buildActionMask = 2147483647;
			files = (
			);
			runOnlyForDeploymentPostprocessing = 0;
		};
		3F7744802ADEB65A00E4CAA3 /* Frameworks */ = {
			isa = PBXFrameworksBuildPhase;
			buildActionMask = 2147483647;
			files = (
			);
			runOnlyForDeploymentPostprocessing = 0;
		};
		3F77448A2ADEB65A00E4CAA3 /* Frameworks */ = {
			isa = PBXFrameworksBuildPhase;
			buildActionMask = 2147483647;
			files = (
			);
			runOnlyForDeploymentPostprocessing = 0;
		};
/* End PBXFrameworksBuildPhase section */

/* Begin PBXGroup section */
		3F77446A2ADEB65900E4CAA3 = {
			isa = PBXGroup;
			children = (
				3F7744752ADEB65900E4CAA3 /* MemoGame */,
				3F7744862ADEB65A00E4CAA3 /* MemoGameTests */,
				3F7744902ADEB65A00E4CAA3 /* MemoGameUITests */,
				3F7744742ADEB65900E4CAA3 /* Products */,
			);
			sourceTree = "<group>";
		};
		3F7744742ADEB65900E4CAA3 /* Products */ = {
			isa = PBXGroup;
			children = (
				3F7744732ADEB65900E4CAA3 /* MemoGame.app */,
				3F7744832ADEB65A00E4CAA3 /* MemoGameTests.xctest */,
				3F77448D2ADEB65A00E4CAA3 /* MemoGameUITests.xctest */,
			);
			name = Products;
			sourceTree = "<group>";
		};
		3F7744752ADEB65900E4CAA3 /* MemoGame */ = {
			isa = PBXGroup;
			children = (
				59BEDF6E2B2731C600D6241B /* Cardify.swift */,
				595F8BF42AFCBFB40051AA34 /* Models */,
				595171EA2AF6170200154EA5 /* MyMemoGame.swift */,
				3F7744762ADEB65900E4CAA3 /* MemoGameApp.swift */,
				3F7744782ADEB65900E4CAA3 /* ContentView.swift */,
				3F77447A2ADEB65900E4CAA3 /* Assets.xcassets */,
				3F77447C2ADEB65900E4CAA3 /* Preview Content */,
				3F7744A02ADEB71B00E4CAA3 /* CardView.swift */,
				595F8BF52AFD6D4C0051AA34 /* ThemeButton.swift */,
				5955B77F2B1C8C3300433229 /* CirclePart.swift */,
				59BEDF702B2734EF00D6241B /* FlyingNumber.swift */,
			);
			path = MemoGame;
			sourceTree = "<group>";
		};
		3F77447C2ADEB65900E4CAA3 /* Preview Content */ = {
			isa = PBXGroup;
			children = (
				3F77447D2ADEB65900E4CAA3 /* Preview Assets.xcassets */,
			);
			path = "Preview Content";
			sourceTree = "<group>";
		};
		3F7744862ADEB65A00E4CAA3 /* MemoGameTests */ = {
			isa = PBXGroup;
			children = (
				3F7744872ADEB65A00E4CAA3 /* MemoGameTests.swift */,
			);
			path = MemoGameTests;
			sourceTree = "<group>";
		};
		3F7744902ADEB65A00E4CAA3 /* MemoGameUITests */ = {
			isa = PBXGroup;
			children = (
				3F7744912ADEB65A00E4CAA3 /* MemoGameUITests.swift */,
				3F7744932ADEB65A00E4CAA3 /* MemoGameUITestsLaunchTests.swift */,
			);
			path = MemoGameUITests;
			sourceTree = "<group>";
		};
		595F8BF42AFCBFB40051AA34 /* Models */ = {
			isa = PBXGroup;
			children = (
				595171EC2AF6173600154EA5 /* MemoGame.swift */,
				59B3EBC82AFBEF300040BB58 /* Theme.swift */,
			);
			path = Models;
			sourceTree = "<group>";
		};
/* End PBXGroup section */

/* Begin PBXNativeTarget section */
		3F7744722ADEB65900E4CAA3 /* MemoGame */ = {
			isa = PBXNativeTarget;
			buildConfigurationList = 3F7744972ADEB65A00E4CAA3 /* Build configuration list for PBXNativeTarget "MemoGame" */;
			buildPhases = (
				3F77446F2ADEB65900E4CAA3 /* Sources */,
				3F7744702ADEB65900E4CAA3 /* Frameworks */,
				3F7744712ADEB65900E4CAA3 /* Resources */,
			);
			buildRules = (
			);
			dependencies = (
			);
			name = MemoGame;
			productName = MemoGame;
			productReference = 3F7744732ADEB65900E4CAA3 /* MemoGame.app */;
			productType = "com.apple.product-type.application";
		};
		3F7744822ADEB65A00E4CAA3 /* MemoGameTests */ = {
			isa = PBXNativeTarget;
			buildConfigurationList = 3F77449A2ADEB65A00E4CAA3 /* Build configuration list for PBXNativeTarget "MemoGameTests" */;
			buildPhases = (
				3F77447F2ADEB65A00E4CAA3 /* Sources */,
				3F7744802ADEB65A00E4CAA3 /* Frameworks */,
				3F7744812ADEB65A00E4CAA3 /* Resources */,
			);
			buildRules = (
			);
			dependencies = (
				3F7744852ADEB65A00E4CAA3 /* PBXTargetDependency */,
			);
			name = MemoGameTests;
			productName = MemoGameTests;
			productReference = 3F7744832ADEB65A00E4CAA3 /* MemoGameTests.xctest */;
			productType = "com.apple.product-type.bundle.unit-test";
		};
		3F77448C2ADEB65A00E4CAA3 /* MemoGameUITests */ = {
			isa = PBXNativeTarget;
			buildConfigurationList = 3F77449D2ADEB65A00E4CAA3 /* Build configuration list for PBXNativeTarget "MemoGameUITests" */;
			buildPhases = (
				3F7744892ADEB65A00E4CAA3 /* Sources */,
				3F77448A2ADEB65A00E4CAA3 /* Frameworks */,
				3F77448B2ADEB65A00E4CAA3 /* Resources */,
			);
			buildRules = (
			);
			dependencies = (
				3F77448F2ADEB65A00E4CAA3 /* PBXTargetDependency */,
			);
			name = MemoGameUITests;
			productName = MemoGameUITests;
			productReference = 3F77448D2ADEB65A00E4CAA3 /* MemoGameUITests.xctest */;
			productType = "com.apple.product-type.bundle.ui-testing";
		};
/* End PBXNativeTarget section */

/* Begin PBXProject section */
		3F77446B2ADEB65900E4CAA3 /* Project object */ = {
			isa = PBXProject;
			attributes = {
				BuildIndependentTargetsInParallel = 1;
				LastSwiftUpdateCheck = 1500;
				LastUpgradeCheck = 1500;
				TargetAttributes = {
					3F7744722ADEB65900E4CAA3 = {
						CreatedOnToolsVersion = 15.0;
					};
					3F7744822ADEB65A00E4CAA3 = {
						CreatedOnToolsVersion = 15.0;
						TestTargetID = 3F7744722ADEB65900E4CAA3;
					};
					3F77448C2ADEB65A00E4CAA3 = {
						CreatedOnToolsVersion = 15.0;
						TestTargetID = 3F7744722ADEB65900E4CAA3;
					};
				};
			};
			buildConfigurationList = 3F77446E2ADEB65900E4CAA3 /* Build configuration list for PBXProject "MemoGame" */;
			compatibilityVersion = "Xcode 14.0";
			developmentRegion = en;
			hasScannedForEncodings = 0;
			knownRegions = (
				en,
				Base,
			);
			mainGroup = 3F77446A2ADEB65900E4CAA3;
			productRefGroup = 3F7744742ADEB65900E4CAA3 /* Products */;
			projectDirPath = "";
			projectRoot = "";
			targets = (
				3F7744722ADEB65900E4CAA3 /* MemoGame */,
				3F7744822ADEB65A00E4CAA3 /* MemoGameTests */,
				3F77448C2ADEB65A00E4CAA3 /* MemoGameUITests */,
			);
		};
/* End PBXProject section */

/* Begin PBXResourcesBuildPhase section */
		3F7744712ADEB65900E4CAA3 /* Resources */ = {
			isa = PBXResourcesBuildPhase;
			buildActionMask = 2147483647;
			files = (
				3F77447E2ADEB65900E4CAA3 /* Preview Assets.xcassets in Resources */,
				3F77447B2ADEB65900E4CAA3 /* Assets.xcassets in Resources */,
			);
			runOnlyForDeploymentPostprocessing = 0;
		};
		3F7744812ADEB65A00E4CAA3 /* Resources */ = {
			isa = PBXResourcesBuildPhase;
			buildActionMask = 2147483647;
			files = (
			);
			runOnlyForDeploymentPostprocessing = 0;
		};
		3F77448B2ADEB65A00E4CAA3 /* Resources */ = {
			isa = PBXResourcesBuildPhase;
			buildActionMask = 2147483647;
			files = (
			);
			runOnlyForDeploymentPostprocessing = 0;
		};
/* End PBXResourcesBuildPhase section */

/* Begin PBXSourcesBuildPhase section */
		3F77446F2ADEB65900E4CAA3 /* Sources */ = {
			isa = PBXSourcesBuildPhase;
			buildActionMask = 2147483647;
			files = (
				595171ED2AF6173600154EA5 /* MemoGame.swift in Sources */,
				3F7744792ADEB65900E4CAA3 /* ContentView.swift in Sources */,
				595171EB2AF6170200154EA5 /* MyMemoGame.swift in Sources */,
				59BEDF6F2B2731C600D6241B /* Cardify.swift in Sources */,
				59B3EBC92AFBEF300040BB58 /* Theme.swift in Sources */,
				5955B7802B1C8C3300433229 /* CirclePart.swift in Sources */,
				3F7744A12ADEB71B00E4CAA3 /* CardView.swift in Sources */,
				595F8BF62AFD6D4C0051AA34 /* ThemeButton.swift in Sources */,
				3F7744772ADEB65900E4CAA3 /* MemoGameApp.swift in Sources */,
				59BEDF712B2734EF00D6241B /* FlyingNumber.swift in Sources */,
			);
			runOnlyForDeploymentPostprocessing = 0;
		};
		3F77447F2ADEB65A00E4CAA3 /* Sources */ = {
			isa = PBXSourcesBuildPhase;
			buildActionMask = 2147483647;
			files = (
				3F7744882ADEB65A00E4CAA3 /* MemoGameTests.swift in Sources */,
			);
			runOnlyForDeploymentPostprocessing = 0;
		};
		3F7744892ADEB65A00E4CAA3 /* Sources */ = {
			isa = PBXSourcesBuildPhase;
			buildActionMask = 2147483647;
			files = (
				3F7744942ADEB65A00E4CAA3 /* MemoGameUITestsLaunchTests.swift in Sources */,
				3F7744922ADEB65A00E4CAA3 /* MemoGameUITests.swift in Sources */,
			);
			runOnlyForDeploymentPostprocessing = 0;
		};
/* End PBXSourcesBuildPhase section */

/* Begin PBXTargetDependency section */
		3F7744852ADEB65A00E4CAA3 /* PBXTargetDependency */ = {
			isa = PBXTargetDependency;
			target = 3F7744722ADEB65900E4CAA3 /* MemoGame */;
			targetProxy = 3F7744842ADEB65A00E4CAA3 /* PBXContainerItemProxy */;
		};
		3F77448F2ADEB65A00E4CAA3 /* PBXTargetDependency */ = {
			isa = PBXTargetDependency;
			target = 3F7744722ADEB65900E4CAA3 /* MemoGame */;
			targetProxy = 3F77448E2ADEB65A00E4CAA3 /* PBXContainerItemProxy */;
		};
/* End PBXTargetDependency section */

/* Begin XCBuildConfiguration section */
		3F7744952ADEB65A00E4CAA3 /* Debug */ = {
			isa = XCBuildConfiguration;
			buildSettings = {
				ALWAYS_SEARCH_USER_PATHS = NO;
				ASSETCATALOG_COMPILER_GENERATE_SWIFT_ASSET_SYMBOL_EXTENSIONS = YES;
				CLANG_ANALYZER_NONNULL = YES;
				CLANG_ANALYZER_NUMBER_OBJECT_CONVERSION = YES_AGGRESSIVE;
				CLANG_CXX_LANGUAGE_STANDARD = "gnu++20";
				CLANG_ENABLE_MODULES = YES;
				CLANG_ENABLE_OBJC_ARC = YES;
				CLANG_ENABLE_OBJC_WEAK = YES;
				CLANG_WARN_BLOCK_CAPTURE_AUTORELEASING = YES;
				CLANG_WARN_BOOL_CONVERSION = YES;
				CLANG_WARN_COMMA = YES;
				CLANG_WARN_CONSTANT_CONVERSION = YES;
				CLANG_WARN_DEPRECATED_OBJC_IMPLEMENTATIONS = YES;
				CLANG_WARN_DIRECT_OBJC_ISA_USAGE = YES_ERROR;
				CLANG_WARN_DOCUMENTATION_COMMENTS = YES;
				CLANG_WARN_EMPTY_BODY = YES;
				CLANG_WARN_ENUM_CONVERSION = YES;
				CLANG_WARN_INFINITE_RECURSION = YES;
				CLANG_WARN_INT_CONVERSION = YES;
				CLANG_WARN_NON_LITERAL_NULL_CONVERSION = YES;
				CLANG_WARN_OBJC_IMPLICIT_RETAIN_SELF = YES;
				CLANG_WARN_OBJC_LITERAL_CONVERSION = YES;
				CLANG_WARN_OBJC_ROOT_CLASS = YES_ERROR;
				CLANG_WARN_QUOTED_INCLUDE_IN_FRAMEWORK_HEADER = YES;
				CLANG_WARN_RANGE_LOOP_ANALYSIS = YES;
				CLANG_WARN_STRICT_PROTOTYPES = YES;
				CLANG_WARN_SUSPICIOUS_MOVE = YES;
				CLANG_WARN_UNGUARDED_AVAILABILITY = YES_AGGRESSIVE;
				CLANG_WARN_UNREACHABLE_CODE = YES;
				CLANG_WARN__DUPLICATE_METHOD_MATCH = YES;
				COPY_PHASE_STRIP = NO;
				DEBUG_INFORMATION_FORMAT = dwarf;
				ENABLE_STRICT_OBJC_MSGSEND = YES;
				ENABLE_TESTABILITY = YES;
				ENABLE_USER_SCRIPT_SANDBOXING = YES;
				GCC_C_LANGUAGE_STANDARD = gnu17;
				GCC_DYNAMIC_NO_PIC = NO;
				GCC_NO_COMMON_BLOCKS = YES;
				GCC_OPTIMIZATION_LEVEL = 0;
				GCC_PREPROCESSOR_DEFINITIONS = (
					"DEBUG=1",
					"$(inherited)",
				);
				GCC_WARN_64_TO_32_BIT_CONVERSION = YES;
				GCC_WARN_ABOUT_RETURN_TYPE = YES_ERROR;
				GCC_WARN_UNDECLARED_SELECTOR = YES;
				GCC_WARN_UNINITIALIZED_AUTOS = YES_AGGRESSIVE;
				GCC_WARN_UNUSED_FUNCTION = YES;
				GCC_WARN_UNUSED_VARIABLE = YES;
				IPHONEOS_DEPLOYMENT_TARGET = 17.0;
				LOCALIZATION_PREFERS_STRING_CATALOGS = YES;
				MTL_ENABLE_DEBUG_INFO = INCLUDE_SOURCE;
				MTL_FAST_MATH = YES;
				ONLY_ACTIVE_ARCH = YES;
				SDKROOT = iphoneos;
				SWIFT_ACTIVE_COMPILATION_CONDITIONS = "DEBUG $(inherited)";
				SWIFT_OPTIMIZATION_LEVEL = "-Onone";
			};
			name = Debug;
		};
		3F7744962ADEB65A00E4CAA3 /* Release */ = {
			isa = XCBuildConfiguration;
			buildSettings = {
				ALWAYS_SEARCH_USER_PATHS = NO;
				ASSETCATALOG_COMPILER_GENERATE_SWIFT_ASSET_SYMBOL_EXTENSIONS = YES;
				CLANG_ANALYZER_NONNULL = YES;
				CLANG_ANALYZER_NUMBER_OBJECT_CONVERSION = YES_AGGRESSIVE;
				CLANG_CXX_LANGUAGE_STANDARD = "gnu++20";
				CLANG_ENABLE_MODULES = YES;
				CLANG_ENABLE_OBJC_ARC = YES;
				CLANG_ENABLE_OBJC_WEAK = YES;
				CLANG_WARN_BLOCK_CAPTURE_AUTORELEASING = YES;
				CLANG_WARN_BOOL_CONVERSION = YES;
				CLANG_WARN_COMMA = YES;
				CLANG_WARN_CONSTANT_CONVERSION = YES;
				CLANG_WARN_DEPRECATED_OBJC_IMPLEMENTATIONS = YES;
				CLANG_WARN_DIRECT_OBJC_ISA_USAGE = YES_ERROR;
				CLANG_WARN_DOCUMENTATION_COMMENTS = YES;
				CLANG_WARN_EMPTY_BODY = YES;
				CLANG_WARN_ENUM_CONVERSION = YES;
				CLANG_WARN_INFINITE_RECURSION = YES;
				CLANG_WARN_INT_CONVERSION = YES;
				CLANG_WARN_NON_LITERAL_NULL_CONVERSION = YES;
				CLANG_WARN_OBJC_IMPLICIT_RETAIN_SELF = YES;
				CLANG_WARN_OBJC_LITERAL_CONVERSION = YES;
				CLANG_WARN_OBJC_ROOT_CLASS = YES_ERROR;
				CLANG_WARN_QUOTED_INCLUDE_IN_FRAMEWORK_HEADER = YES;
				CLANG_WARN_RANGE_LOOP_ANALYSIS = YES;
				CLANG_WARN_STRICT_PROTOTYPES = YES;
				CLANG_WARN_SUSPICIOUS_MOVE = YES;
				CLANG_WARN_UNGUARDED_AVAILABILITY = YES_AGGRESSIVE;
				CLANG_WARN_UNREACHABLE_CODE = YES;
				CLANG_WARN__DUPLICATE_METHOD_MATCH = YES;
				COPY_PHASE_STRIP = NO;
				DEBUG_INFORMATION_FORMAT = "dwarf-with-dsym";
				ENABLE_NS_ASSERTIONS = NO;
				ENABLE_STRICT_OBJC_MSGSEND = YES;
				ENABLE_USER_SCRIPT_SANDBOXING = YES;
				GCC_C_LANGUAGE_STANDARD = gnu17;
				GCC_NO_COMMON_BLOCKS = YES;
				GCC_WARN_64_TO_32_BIT_CONVERSION = YES;
				GCC_WARN_ABOUT_RETURN_TYPE = YES_ERROR;
				GCC_WARN_UNDECLARED_SELECTOR = YES;
				GCC_WARN_UNINITIALIZED_AUTOS = YES_AGGRESSIVE;
				GCC_WARN_UNUSED_FUNCTION = YES;
				GCC_WARN_UNUSED_VARIABLE = YES;
				IPHONEOS_DEPLOYMENT_TARGET = 17.0;
				LOCALIZATION_PREFERS_STRING_CATALOGS = YES;
				MTL_ENABLE_DEBUG_INFO = NO;
				MTL_FAST_MATH = YES;
				SDKROOT = iphoneos;
				SWIFT_COMPILATION_MODE = wholemodule;
				VALIDATE_PRODUCT = YES;
			};
			name = Release;
		};
		3F7744982ADEB65A00E4CAA3 /* Debug */ = {
			isa = XCBuildConfiguration;
			buildSettings = {
				ASSETCATALOG_COMPILER_APPICON_NAME = AppIcon;
				ASSETCATALOG_COMPILER_GLOBAL_ACCENT_COLOR_NAME = AccentColor;
				CODE_SIGN_STYLE = Automatic;
				CURRENT_PROJECT_VERSION = 1;
				DEVELOPMENT_ASSET_PATHS = "\"MemoGame/Preview Content\"";
				ENABLE_PREVIEWS = YES;
				GENERATE_INFOPLIST_FILE = YES;
				INFOPLIST_KEY_UIApplicationSceneManifest_Generation = YES;
				INFOPLIST_KEY_UIApplicationSupportsIndirectInputEvents = YES;
				INFOPLIST_KEY_UILaunchScreen_Generation = YES;
				INFOPLIST_KEY_UISupportedInterfaceOrientations_iPad = "UIInterfaceOrientationPortrait UIInterfaceOrientationPortraitUpsideDown UIInterfaceOrientationLandscapeLeft UIInterfaceOrientationLandscapeRight";
				INFOPLIST_KEY_UISupportedInterfaceOrientations_iPhone = "UIInterfaceOrientationPortrait UIInterfaceOrientationLandscapeLeft UIInterfaceOrientationLandscapeRight";
				LD_RUNPATH_SEARCH_PATHS = (
					"$(inherited)",
					"@executable_path/Frameworks",
				);
				MARKETING_VERSION = 1.0;
				PRODUCT_BUNDLE_IDENTIFIER = pollub.MemoGame;
				PRODUCT_NAME = "$(TARGET_NAME)";
				SWIFT_EMIT_LOC_STRINGS = YES;
				SWIFT_VERSION = 5.0;
				TARGETED_DEVICE_FAMILY = "1,2";
			};
			name = Debug;
		};
		3F7744992ADEB65A00E4CAA3 /* Release */ = {
			isa = XCBuildConfiguration;
			buildSettings = {
				ASSETCATALOG_COMPILER_APPICON_NAME = AppIcon;
				ASSETCATALOG_COMPILER_GLOBAL_ACCENT_COLOR_NAME = AccentColor;
				CODE_SIGN_STYLE = Automatic;
				CURRENT_PROJECT_VERSION = 1;
				DEVELOPMENT_ASSET_PATHS = "\"MemoGame/Preview Content\"";
				ENABLE_PREVIEWS = YES;
				GENERATE_INFOPLIST_FILE = YES;
				INFOPLIST_KEY_UIApplicationSceneManifest_Generation = YES;
				INFOPLIST_KEY_UIApplicationSupportsIndirectInputEvents = YES;
				INFOPLIST_KEY_UILaunchScreen_Generation = YES;
				INFOPLIST_KEY_UISupportedInterfaceOrientations_iPad = "UIInterfaceOrientationPortrait UIInterfaceOrientationPortraitUpsideDown UIInterfaceOrientationLandscapeLeft UIInterfaceOrientationLandscapeRight";
				INFOPLIST_KEY_UISupportedInterfaceOrientations_iPhone = "UIInterfaceOrientationPortrait UIInterfaceOrientationLandscapeLeft UIInterfaceOrientationLandscapeRight";
				LD_RUNPATH_SEARCH_PATHS = (
					"$(inherited)",
					"@executable_path/Frameworks",
				);
				MARKETING_VERSION = 1.0;
				PRODUCT_BUNDLE_IDENTIFIER = pollub.MemoGame;
				PRODUCT_NAME = "$(TARGET_NAME)";
				SWIFT_EMIT_LOC_STRINGS = YES;
				SWIFT_VERSION = 5.0;
				TARGETED_DEVICE_FAMILY = "1,2";
			};
			name = Release;
		};
		3F77449B2ADEB65A00E4CAA3 /* Debug */ = {
			isa = XCBuildConfiguration;
			buildSettings = {
				ALWAYS_EMBED_SWIFT_STANDARD_LIBRARIES = YES;
				BUNDLE_LOADER = "$(TEST_HOST)";
				CODE_SIGN_STYLE = Automatic;
				CURRENT_PROJECT_VERSION = 1;
				GENERATE_INFOPLIST_FILE = YES;
				IPHONEOS_DEPLOYMENT_TARGET = 17.0;
				MARKETING_VERSION = 1.0;
				PRODUCT_BUNDLE_IDENTIFIER = pollub.MemoGameTests;
				PRODUCT_NAME = "$(TARGET_NAME)";
				SWIFT_EMIT_LOC_STRINGS = NO;
				SWIFT_VERSION = 5.0;
				TARGETED_DEVICE_FAMILY = "1,2";
				TEST_HOST = "$(BUILT_PRODUCTS_DIR)/MemoGame.app/$(BUNDLE_EXECUTABLE_FOLDER_PATH)/MemoGame";
			};
			name = Debug;
		};
		3F77449C2ADEB65A00E4CAA3 /* Release */ = {
			isa = XCBuildConfiguration;
			buildSettings = {
				ALWAYS_EMBED_SWIFT_STANDARD_LIBRARIES = YES;
				BUNDLE_LOADER = "$(TEST_HOST)";
				CODE_SIGN_STYLE = Automatic;
				CURRENT_PROJECT_VERSION = 1;
				GENERATE_INFOPLIST_FILE = YES;
				IPHONEOS_DEPLOYMENT_TARGET = 17.0;
				MARKETING_VERSION = 1.0;
				PRODUCT_BUNDLE_IDENTIFIER = pollub.MemoGameTests;
				PRODUCT_NAME = "$(TARGET_NAME)";
				SWIFT_EMIT_LOC_STRINGS = NO;
				SWIFT_VERSION = 5.0;
				TARGETED_DEVICE_FAMILY = "1,2";
				TEST_HOST = "$(BUILT_PRODUCTS_DIR)/MemoGame.app/$(BUNDLE_EXECUTABLE_FOLDER_PATH)/MemoGame";
			};
			name = Release;
		};
		3F77449E2ADEB65A00E4CAA3 /* Debug */ = {
			isa = XCBuildConfiguration;
			buildSettings = {
				ALWAYS_EMBED_SWIFT_STANDARD_LIBRARIES = YES;
				CODE_SIGN_STYLE = Automatic;
				CURRENT_PROJECT_VERSION = 1;
				GENERATE_INFOPLIST_FILE = YES;
				MARKETING_VERSION = 1.0;
				PRODUCT_BUNDLE_IDENTIFIER = pollub.MemoGameUITests;
				PRODUCT_NAME = "$(TARGET_NAME)";
				SWIFT_EMIT_LOC_STRINGS = NO;
				SWIFT_VERSION = 5.0;
				TARGETED_DEVICE_FAMILY = "1,2";
				TEST_TARGET_NAME = MemoGame;
			};
			name = Debug;
		};
		3F77449F2ADEB65A00E4CAA3 /* Release */ = {
			isa = XCBuildConfiguration;
			buildSettings = {
				ALWAYS_EMBED_SWIFT_STANDARD_LIBRARIES = YES;
				CODE_SIGN_STYLE = Automatic;
				CURRENT_PROJECT_VERSION = 1;
				GENERATE_INFOPLIST_FILE = YES;
				MARKETING_VERSION = 1.0;
				PRODUCT_BUNDLE_IDENTIFIER = pollub.MemoGameUITests;
				PRODUCT_NAME = "$(TARGET_NAME)";
				SWIFT_EMIT_LOC_STRINGS = NO;
				SWIFT_VERSION = 5.0;
				TARGETED_DEVICE_FAMILY = "1,2";
				TEST_TARGET_NAME = MemoGame;
			};
			name = Release;
		};
/* End XCBuildConfiguration section */

/* Begin XCConfigurationList section */
		3F77446E2ADEB65900E4CAA3 /* Build configuration list for PBXProject "MemoGame" */ = {
			isa = XCConfigurationList;
			buildConfigurations = (
				3F7744952ADEB65A00E4CAA3 /* Debug */,
				3F7744962ADEB65A00E4CAA3 /* Release */,
			);
			defaultConfigurationIsVisible = 0;
			defaultConfigurationName = Release;
		};
		3F7744972ADEB65A00E4CAA3 /* Build configuration list for PBXNativeTarget "MemoGame" */ = {
			isa = XCConfigurationList;
			buildConfigurations = (
				3F7744982ADEB65A00E4CAA3 /* Debug */,
				3F7744992ADEB65A00E4CAA3 /* Release */,
			);
			defaultConfigurationIsVisible = 0;
			defaultConfigurationName = Release;
		};
		3F77449A2ADEB65A00E4CAA3 /* Build configuration list for PBXNativeTarget "MemoGameTests" */ = {
			isa = XCConfigurationList;
			buildConfigurations = (
				3F77449B2ADEB65A00E4CAA3 /* Debug */,
				3F77449C2ADEB65A00E4CAA3 /* Release */,
			);
			defaultConfigurationIsVisible = 0;
			defaultConfigurationName = Release;
		};
		3F77449D2ADEB65A00E4CAA3 /* Build configuration list for PBXNativeTarget "MemoGameUITests" */ = {
			isa = XCConfigurationList;
			buildConfigurations = (
				3F77449E2ADEB65A00E4CAA3 /* Debug */,
				3F77449F2ADEB65A00E4CAA3 /* Release */,
			);
			defaultConfigurationIsVisible = 0;
			defaultConfigurationName = Release;
		};
/* End XCConfigurationList section */
	};
	rootObject = 3F77446B2ADEB65900E4CAA3 /* Project object */;
}
